
Microsoft Visual Studio Solution File, Format Version 12.00
# Visual Studio Version 16
VisualStudioVersion = 16.0.31205.134
MinimumVisualStudioVersion = 10.0.40219.1
Project("{FAE04EC0-301F-11D3-BF4B-00C04F79EFBC}") = "Real-estate-Picker-GUI", "Real-estate-Picker-GUI\Real-estate-Picker-GUI.csproj", "{80F1FF01-1425-4690-BA8F-34C35A1E66D2}"
EndProject
Project("{2150E333-8FDC-42A3-9474-1A3956D46DE8}") = "Solution Items", "Solution Items", "{6EB14D90-D325-467C-8F5D-C30F1F254F2D}"
	ProjectSection(SolutionItems) = preProject
		.editorconfig = .editorconfig
	EndProjectSection
EndProject
Global
	GlobalSection(SolutionConfigurationPlatforms) = preSolution
		Debug|Any CPU = Debug|Any CPU
		Release|Any CPU = Release|Any CPU
	EndGlobalSection
	GlobalSection(ProjectConfigurationPlatforms) = postSolution
		{80F1FF01-1425-4690-BA8F-34C35A1E66D2}.Debug|Any CPU.ActiveCfg = Debug|Any CPU
		{80F1FF01-1425-4690-BA8F-34C35A1E66D2}.Debug|Any CPU.Build.0 = Debug|Any CPU
		{80F1FF01-1425-4690-BA8F-34C35A1E66D2}.Release|Any CPU.ActiveCfg = Release|Any CPU
		{80F1FF01-1425-4690-BA8F-34C35A1E66D2}.Release|Any CPU.Build.0 = Release|Any CPU
	EndGlobalSection
	GlobalSection(SolutionProperties) = preSolution
		HideSolutionNode = FALSE
	EndGlobalSection
	GlobalSection(ExtensibilityGlobals) = postSolution
		SolutionGuid = {8B78B6E3-BC19-4400-A46C-6F5E5CCC29EB}
	EndGlobalSection
EndGlobal
